
Microsoft Visual Studio Solution File, Format Version 12.00
# Visual Studio Version 17
VisualStudioVersion = 17.14.36804.6
MinimumVisualStudioVersion = 10.0.40219.1
Project("{FAE04EC0-301F-11D3-BF4B-00C04F79EFBC}") = "PocoDataSet.IData", "PocoDataSet.IData\PocoDataSet.IData.csproj", "{C6D966B9-90EC-DA99-1771-5DD487B4F711}"
EndProject
Project("{FAE04EC0-301F-11D3-BF4B-00C04F79EFBC}") = "PocoDataSet.Data", "PocoDataSet.Data\PocoDataSet.Data.csproj", "{44F35706-E700-18B7-5A36-1F2BBB270F1D}"
EndProject
Project("{FAE04EC0-301F-11D3-BF4B-00C04F79EFBC}") = "PocoDataSet.Extensions", "PocoDataSet.Extensions\PocoDataSet.Extensions.csproj", "{14CB0168-BD45-3BEB-413D-65595AD325D3}"
EndProject
Project("{FAE04EC0-301F-11D3-BF4B-00C04F79EFBC}") = "PocoDataSet.Serializer", "PocoDataSet.Serializer\PocoDataSet.Serializer.csproj", "{CE2A3207-7897-DB8C-B064-52870FFDE828}"
EndProject
Project("{2150E333-8FDC-42A3-9474-1A3956D46DE8}") = "Solution Items", "Solution Items", "{8EC462FD-D22E-90A8-E5CE-7E832BA40C5D}"
	ProjectSection(SolutionItems) = preProject
		LICENSE = LICENSE
		README.md = README.md
		SharedBuildSettings.props = SharedBuildSettings.props
	EndProjectSection
EndProject
Project("{FAE04EC0-301F-11D3-BF4B-00C04F79EFBC}") = "PocoDataSet", "PocoDataSet\PocoDataSet.csproj", "{B0DEEB13-F21D-4707-8A4E-35F5CF45909F}"
EndProject
Project("{2150E333-8FDC-42A3-9474-1A3956D46DE8}") = "NugetPackageProject", "NugetPackageProject", "{0B3F8A31-3A9E-4361-94DF-046F07D170F7}"
EndProject
Project("{FAE04EC0-301F-11D3-BF4B-00C04F79EFBC}") = "PocoDataSet.SqlServerDataAdapter", "PocoDataSet.SqlServerDataAdapter\PocoDataSet.SqlServerDataAdapter.csproj", "{176E7FE4-2F4A-7A0E-574E-8B86608901E1}"
EndProject
Project("{FAE04EC0-301F-11D3-BF4B-00C04F79EFBC}") = "PocoDataSet.IObservableData", "PocoDataSet.IObservableData\PocoDataSet.IObservableData.csproj", "{E8DFA668-3E70-4AAF-BC63-20226BE611A2}"
EndProject
Project("{FAE04EC0-301F-11D3-BF4B-00C04F79EFBC}") = "PocoDataSet.ObservableData", "PocoDataSet.ObservableData\PocoDataSet.ObservableData.csproj", "{872B0109-51F2-4503-BC18-D07581AB088A}"
EndProject
Project("{FAE04EC0-301F-11D3-BF4B-00C04F79EFBC}") = "PocoDataSet.ObservableExtensions", "PocoDataSet.ObservableExtensions\PocoDataSet.ObservableExtensions.csproj", "{ADC00825-DDC1-4CFF-862C-429990B9493C}"
EndProject
Project("{FAE04EC0-301F-11D3-BF4B-00C04F79EFBC}") = "PocoDataSet.Tests", "PocoDataSet.Tests\PocoDataSet.Tests.csproj", "{86663168-FBAA-4D9A-85DC-E16914002167}"
EndProject
Project("{FAE04EC0-301F-11D3-BF4B-00C04F79EFBC}") = "PocoDataSet.ObservableTests", "PocoDataSet.ObservableTests\PocoDataSet.ObservableTests.csproj", "{1825E7DE-F962-9B06-7C0E-C54F042A8D74}"
EndProject
Project("{FAE04EC0-301F-11D3-BF4B-00C04F79EFBC}") = "PocoDataSet.EfCoreBridge", "PocoDataSet.EfCoreBridge\PocoDataSet.EfCoreBridge.csproj", "{1D7EF950-81A0-F9E2-8836-1B9713619F47}"
EndProject
Project("{FAE04EC0-301F-11D3-BF4B-00C04F79EFBC}") = "PocoDataSet.EfCoreBridge.Tests", "PocoDataSet.EfCoreBridge.Tests\PocoDataSet.EfCoreBridge.Tests.csproj", "{BCC47AF4-6E2C-51D5-2ADF-1110892AD2FB}"
EndProject
Project("{FAE04EC0-301F-11D3-BF4B-00C04F79EFBC}") = "PocoDataSet.SerializerTests", "PocoDataSet.SerializerTests\PocoDataSet.SerializerTests.csproj", "{5273D337-FE36-4492-B667-D63E66BFA4F1}"
EndProject
Project("{FAE04EC0-301F-11D3-BF4B-00C04F79EFBC}") = "PocoDataSet.SqlServerDataAdapterTests", "PocoDataSet.SqlServerDataAdapterTests\PocoDataSet.SqlServerDataAdapterTests.csproj", "{2DEECFF9-A824-4193-A6AF-E26A916CA97F}"
EndProject
Project("{FAE04EC0-301F-11D3-BF4B-00C04F79EFBC}") = "PocoDataSet.ExtensionsTests", "PocoDataSet.ExtensionsTests\PocoDataSet.ExtensionsTests.csproj", "{7DD6F071-655E-4DF4-BA60-26EDC719896D}"
EndProject
Project("{FAE04EC0-301F-11D3-BF4B-00C04F79EFBC}") = "PocoDataSet.ObservableExtensionsTests", "PocoDataSet.ObservableExtensionsTests\PocoDataSet.ObservableExtensionsTests.csproj", "{47224059-08FB-4D47-A1E0-BC4B12CE4A72}"
EndProject
Global
	GlobalSection(SolutionConfigurationPlatforms) = preSolution
		Debug|Any CPU = Debug|Any CPU
		Release|Any CPU = Release|Any CPU
	EndGlobalSection
	GlobalSection(ProjectConfigurationPlatforms) = postSolution
		{C6D966B9-90EC-DA99-1771-5DD487B4F711}.Debug|Any CPU.ActiveCfg = Debug|Any CPU
		{C6D966B9-90EC-DA99-1771-5DD487B4F711}.Debug|Any CPU.Build.0 = Debug|Any CPU
		{C6D966B9-90EC-DA99-1771-5DD487B4F711}.Release|Any CPU.ActiveCfg = Release|Any CPU
		{C6D966B9-90EC-DA99-1771-5DD487B4F711}.Release|Any CPU.Build.0 = Release|Any CPU
		{44F35706-E700-18B7-5A36-1F2BBB270F1D}.Debug|Any CPU.ActiveCfg = Debug|Any CPU
		{44F35706-E700-18B7-5A36-1F2BBB270F1D}.Debug|Any CPU.Build.0 = Debug|Any CPU
		{44F35706-E700-18B7-5A36-1F2BBB270F1D}.Release|Any CPU.ActiveCfg = Release|Any CPU
		{44F35706-E700-18B7-5A36-1F2BBB270F1D}.Release|Any CPU.Build.0 = Release|Any CPU
		{14CB0168-BD45-3BEB-413D-65595AD325D3}.Debug|Any CPU.ActiveCfg = Debug|Any CPU
		{14CB0168-BD45-3BEB-413D-65595AD325D3}.Debug|Any CPU.Build.0 = Debug|Any CPU
		{14CB0168-BD45-3BEB-413D-65595AD325D3}.Release|Any CPU.ActiveCfg = Release|Any CPU
		{14CB0168-BD45-3BEB-413D-65595AD325D3}.Release|Any CPU.Build.0 = Release|Any CPU
		{CE2A3207-7897-DB8C-B064-52870FFDE828}.Debug|Any CPU.ActiveCfg = Debug|Any CPU
		{CE2A3207-7897-DB8C-B064-52870FFDE828}.Debug|Any CPU.Build.0 = Debug|Any CPU
		{CE2A3207-7897-DB8C-B064-52870FFDE828}.Release|Any CPU.ActiveCfg = Release|Any CPU
		{CE2A3207-7897-DB8C-B064-52870FFDE828}.Release|Any CPU.Build.0 = Release|Any CPU
		{B0DEEB13-F21D-4707-8A4E-35F5CF45909F}.Debug|Any CPU.ActiveCfg = Debug|Any CPU
		{B0DEEB13-F21D-4707-8A4E-35F5CF45909F}.Debug|Any CPU.Build.0 = Debug|Any CPU
		{B0DEEB13-F21D-4707-8A4E-35F5CF45909F}.Release|Any CPU.ActiveCfg = Release|Any CPU
		{B0DEEB13-F21D-4707-8A4E-35F5CF45909F}.Release|Any CPU.Build.0 = Release|Any CPU
		{176E7FE4-2F4A-7A0E-574E-8B86608901E1}.Debug|Any CPU.ActiveCfg = Debug|Any CPU
		{176E7FE4-2F4A-7A0E-574E-8B86608901E1}.Debug|Any CPU.Build.0 = Debug|Any CPU
		{176E7FE4-2F4A-7A0E-574E-8B86608901E1}.Release|Any CPU.ActiveCfg = Release|Any CPU
		{176E7FE4-2F4A-7A0E-574E-8B86608901E1}.Release|Any CPU.Build.0 = Release|Any CPU
		{E8DFA668-3E70-4AAF-BC63-20226BE611A2}.Debug|Any CPU.ActiveCfg = Debug|Any CPU
		{E8DFA668-3E70-4AAF-BC63-20226BE611A2}.Debug|Any CPU.Build.0 = Debug|Any CPU
		{E8DFA668-3E70-4AAF-BC63-20226BE611A2}.Release|Any CPU.ActiveCfg = Release|Any CPU
		{E8DFA668-3E70-4AAF-BC63-20226BE611A2}.Release|Any CPU.Build.0 = Release|Any CPU
		{872B0109-51F2-4503-BC18-D07581AB088A}.Debug|Any CPU.ActiveCfg = Debug|Any CPU
		{872B0109-51F2-4503-BC18-D07581AB088A}.Debug|Any CPU.Build.0 = Debug|Any CPU
		{872B0109-51F2-4503-BC18-D07581AB088A}.Release|Any CPU.ActiveCfg = Release|Any CPU
		{872B0109-51F2-4503-BC18-D07581AB088A}.Release|Any CPU.Build.0 = Release|Any CPU
		{ADC00825-DDC1-4CFF-862C-429990B9493C}.Debug|Any CPU.ActiveCfg = Debug|Any CPU
		{ADC00825-DDC1-4CFF-862C-429990B9493C}.Debug|Any CPU.Build.0 = Debug|Any CPU
		{ADC00825-DDC1-4CFF-862C-429990B9493C}.Release|Any CPU.ActiveCfg = Release|Any CPU
		{ADC00825-DDC1-4CFF-862C-429990B9493C}.Release|Any CPU.Build.0 = Release|Any CPU
		{86663168-FBAA-4D9A-85DC-E16914002167}.Debug|Any CPU.ActiveCfg = Debug|Any CPU
		{86663168-FBAA-4D9A-85DC-E16914002167}.Debug|Any CPU.Build.0 = Debug|Any CPU
		{86663168-FBAA-4D9A-85DC-E16914002167}.Release|Any CPU.ActiveCfg = Release|Any CPU
		{86663168-FBAA-4D9A-85DC-E16914002167}.Release|Any CPU.Build.0 = Release|Any CPU
		{1825E7DE-F962-9B06-7C0E-C54F042A8D74}.Debug|Any CPU.ActiveCfg = Debug|Any CPU
		{1825E7DE-F962-9B06-7C0E-C54F042A8D74}.Debug|Any CPU.Build.0 = Debug|Any CPU
		{1825E7DE-F962-9B06-7C0E-C54F042A8D74}.Release|Any CPU.ActiveCfg = Release|Any CPU
		{1825E7DE-F962-9B06-7C0E-C54F042A8D74}.Release|Any CPU.Build.0 = Release|Any CPU
		{1D7EF950-81A0-F9E2-8836-1B9713619F47}.Debug|Any CPU.ActiveCfg = Debug|Any CPU
		{1D7EF950-81A0-F9E2-8836-1B9713619F47}.Debug|Any CPU.Build.0 = Debug|Any CPU
		{1D7EF950-81A0-F9E2-8836-1B9713619F47}.Release|Any CPU.ActiveCfg = Release|Any CPU
		{1D7EF950-81A0-F9E2-8836-1B9713619F47}.Release|Any CPU.Build.0 = Release|Any CPU
		{BCC47AF4-6E2C-51D5-2ADF-1110892AD2FB}.Debug|Any CPU.ActiveCfg = Debug|Any CPU
		{BCC47AF4-6E2C-51D5-2ADF-1110892AD2FB}.Debug|Any CPU.Build.0 = Debug|Any CPU
		{BCC47AF4-6E2C-51D5-2ADF-1110892AD2FB}.Release|Any CPU.ActiveCfg = Release|Any CPU
		{BCC47AF4-6E2C-51D5-2ADF-1110892AD2FB}.Release|Any CPU.Build.0 = Release|Any CPU
		{5273D337-FE36-4492-B667-D63E66BFA4F1}.Debug|Any CPU.ActiveCfg = Debug|Any CPU
		{5273D337-FE36-4492-B667-D63E66BFA4F1}.Debug|Any CPU.Build.0 = Debug|Any CPU
		{5273D337-FE36-4492-B667-D63E66BFA4F1}.Release|Any CPU.ActiveCfg = Release|Any CPU
		{5273D337-FE36-4492-B667-D63E66BFA4F1}.Release|Any CPU.Build.0 = Release|Any CPU
		{2DEECFF9-A824-4193-A6AF-E26A916CA97F}.Debug|Any CPU.ActiveCfg = Debug|Any CPU
		{2DEECFF9-A824-4193-A6AF-E26A916CA97F}.Debug|Any CPU.Build.0 = Debug|Any CPU
		{2DEECFF9-A824-4193-A6AF-E26A916CA97F}.Release|Any CPU.ActiveCfg = Release|Any CPU
		{2DEECFF9-A824-4193-A6AF-E26A916CA97F}.Release|Any CPU.Build.0 = Release|Any CPU
		{7DD6F071-655E-4DF4-BA60-26EDC719896D}.Debug|Any CPU.ActiveCfg = Debug|Any CPU
		{7DD6F071-655E-4DF4-BA60-26EDC719896D}.Debug|Any CPU.Build.0 = Debug|Any CPU
		{7DD6F071-655E-4DF4-BA60-26EDC719896D}.Release|Any CPU.ActiveCfg = Release|Any CPU
		{7DD6F071-655E-4DF4-BA60-26EDC719896D}.Release|Any CPU.Build.0 = Release|Any CPU
		{47224059-08FB-4D47-A1E0-BC4B12CE4A72}.Debug|Any CPU.ActiveCfg = Debug|Any CPU
		{47224059-08FB-4D47-A1E0-BC4B12CE4A72}.Debug|Any CPU.Build.0 = Debug|Any CPU
		{47224059-08FB-4D47-A1E0-BC4B12CE4A72}.Release|Any CPU.ActiveCfg = Release|Any CPU
		{47224059-08FB-4D47-A1E0-BC4B12CE4A72}.Release|Any CPU.Build.0 = Release|Any CPU
	EndGlobalSection
	GlobalSection(SolutionProperties) = preSolution
		HideSolutionNode = FALSE
	EndGlobalSection
	GlobalSection(NestedProjects) = preSolution
		{B0DEEB13-F21D-4707-8A4E-35F5CF45909F} = {0B3F8A31-3A9E-4361-94DF-046F07D170F7}
	EndGlobalSection
	GlobalSection(ExtensibilityGlobals) = postSolution
		SolutionGuid = {33CA3A1D-AE80-41E9-9040-220D5A66995A}
	EndGlobalSection
EndGlobal
